github.com/juanmartin8a/helix-go v0.0.0-20250530210537-d9c3b2e4566a h1:FhcbedhHVzZ4yNH1kCVe0nD/gyVHYRWcAW2Z1xhVNJ4=
github.com/juanmartin8a/helix-go v0.0.0-20250530210537-d9c3b2e4566a/go.mod h1:5wa4Z4Jzd3OrfTUJ4zHcf2YqlymP5VQcHsow7juEjso=
github.com/juanmartin8a/helix-go v0.0.0-20250531145806-0278cc53a9a5 h1:CPbeub315hh5BRGiBKVdEkm+iH6zVJ0dMhTw3KQNoo0=
github.com/juanmartin8a/helix-go v0.0.0-20250531145806-0278cc53a9a5/go.mod h1:5wa4Z4Jzd3OrfTUJ4zHcf2YqlymP5VQcHsow7juEjso=
